// !$*UTF8*$!
{
	archiveVersion = 1;
	classes = {
	};
	objectVersion = 52;
	objects = {

/* Begin PBXBuildFile section */
		8047045EAE96F65D3A710B24 /* Pods_Diary.framework in Frameworks */ = {isa = PBXBuildFile; fileRef = 0496B4AF575ED991F5479A6C /* Pods_Diary.framework */; };
		F81CEABE248A702A00DBF5A1 /* CalendarView.swift in Sources */ = {isa = PBXBuildFile; fileRef = F81CEABD248A702A00DBF5A1 /* CalendarView.swift */; };
		F81CEAC0248A718500DBF5A1 /* ImagePickerView.swift in Sources */ = {isa = PBXBuildFile; fileRef = F81CEABF248A718500DBF5A1 /* ImagePickerView.swift */; };
		F81CEAC9248A74BA00DBF5A1 /* RKViewController.swift in Sources */ = {isa = PBXBuildFile; fileRef = F81CEAC2248A74BA00DBF5A1 /* RKViewController.swift */; };
		F81CEACA248A74BA00DBF5A1 /* RKManager.swift in Sources */ = {isa = PBXBuildFile; fileRef = F81CEAC3248A74BA00DBF5A1 /* RKManager.swift */; };
		F81CEACB248A74BA00DBF5A1 /* RKWeekdayHeader.swift in Sources */ = {isa = PBXBuildFile; fileRef = F81CEAC4248A74BA00DBF5A1 /* RKWeekdayHeader.swift */; };
		F81CEACC248A74BA00DBF5A1 /* RKMonth.swift in Sources */ = {isa = PBXBuildFile; fileRef = F81CEAC5248A74BA00DBF5A1 /* RKMonth.swift */; };
		F81CEACD248A74BA00DBF5A1 /* RKCell.swift in Sources */ = {isa = PBXBuildFile; fileRef = F81CEAC6248A74BA00DBF5A1 /* RKCell.swift */; };
		F81CEACE248A74BA00DBF5A1 /* RKColorSettings.swift in Sources */ = {isa = PBXBuildFile; fileRef = F81CEAC7248A74BA00DBF5A1 /* RKColorSettings.swift */; };
		F81CEACF248A74BA00DBF5A1 /* RKDate.swift in Sources */ = {isa = PBXBuildFile; fileRef = F81CEAC8248A74BA00DBF5A1 /* RKDate.swift */; };
		F86BA7D62489937A00BA0BAC /* AppDelegate.swift in Sources */ = {isa = PBXBuildFile; fileRef = F86BA7D52489937A00BA0BAC /* AppDelegate.swift */; };
		F86BA7D82489937A00BA0BAC /* SceneDelegate.swift in Sources */ = {isa = PBXBuildFile; fileRef = F86BA7D72489937A00BA0BAC /* SceneDelegate.swift */; };
		F86BA7DA2489937A00BA0BAC /* LoginView.swift in Sources */ = {isa = PBXBuildFile; fileRef = F86BA7D92489937A00BA0BAC /* LoginView.swift */; };
		F86BA7DC2489937C00BA0BAC /* Assets.xcassets in Resources */ = {isa = PBXBuildFile; fileRef = F86BA7DB2489937C00BA0BAC /* Assets.xcassets */; };
		F86BA7DF2489937C00BA0BAC /* Preview Assets.xcassets in Resources */ = {isa = PBXBuildFile; fileRef = F86BA7DE2489937C00BA0BAC /* Preview Assets.xcassets */; };
		F86BA7E22489937C00BA0BAC /* LaunchScreen.storyboard in Resources */ = {isa = PBXBuildFile; fileRef = F86BA7E02489937C00BA0BAC /* LaunchScreen.storyboard */; };
		F86BA7EA2489996B00BA0BAC /* GoogleService-Info.plist in Resources */ = {isa = PBXBuildFile; fileRef = F86BA7E92489996B00BA0BAC /* GoogleService-Info.plist */; };
		F86BA7F224899AAE00BA0BAC /* UserData.swift in Sources */ = {isa = PBXBuildFile; fileRef = F86BA7ED24899AAE00BA0BAC /* UserData.swift */; };
		F86BA7F324899AAE00BA0BAC /* UserDataKeychain.swift in Sources */ = {isa = PBXBuildFile; fileRef = F86BA7EE24899AAE00BA0BAC /* UserDataKeychain.swift */; };
		F86BA7F424899AAE00BA0BAC /* Keychain.swift in Sources */ = {isa = PBXBuildFile; fileRef = F86BA7EF24899AAE00BA0BAC /* Keychain.swift */; };
		F86BA7F524899AAE00BA0BAC /* SharedWebCredential.swift in Sources */ = {isa = PBXBuildFile; fileRef = F86BA7F024899AAE00BA0BAC /* SharedWebCredential.swift */; };
		F86BA7F624899AAE00BA0BAC /* SignInWithAppleToFirebase.swift in Sources */ = {isa = PBXBuildFile; fileRef = F86BA7F124899AAE00BA0BAC /* SignInWithAppleToFirebase.swift */; };
		F86BA7F924899BB500BA0BAC /* Color.swift in Sources */ = {isa = PBXBuildFile; fileRef = F86BA7F824899BB500BA0BAC /* Color.swift */; };
		F86BA7FC24899C2C00BA0BAC /* ActivityIndicatorView.swift in Sources */ = {isa = PBXBuildFile; fileRef = F86BA7FB24899C2C00BA0BAC /* ActivityIndicatorView.swift */; };
		F86BA7FF24899D9600BA0BAC /* Resolver in Frameworks */ = {isa = PBXBuildFile; productRef = F86BA7FE24899D9600BA0BAC /* Resolver */; };
		F86BA80124899DA900BA0BAC /* AppDelegateInjection.swift in Sources */ = {isa = PBXBuildFile; fileRef = F86BA80024899DA900BA0BAC /* AppDelegateInjection.swift */; };
		F86BA80424899DD200BA0BAC /* UserService.swift in Sources */ = {isa = PBXBuildFile; fileRef = F86BA80324899DD200BA0BAC /* UserService.swift */; };
		F86BA80724899E2200BA0BAC /* FirestoreHelper.swift in Sources */ = {isa = PBXBuildFile; fileRef = F86BA80624899E2200BA0BAC /* FirestoreHelper.swift */; };
		F86BA80A2489A59400BA0BAC /* HomeView.swift in Sources */ = {isa = PBXBuildFile; fileRef = F86BA8092489A59400BA0BAC /* HomeView.swift */; };
		F8D45F27248A775A0034C50D /* ViewStyles.swift in Sources */ = {isa = PBXBuildFile; fileRef = F8D45F26248A775A0034C50D /* ViewStyles.swift */; };
		F8D45F29248A7F9A0034C50D /* CameraView.swift in Sources */ = {isa = PBXBuildFile; fileRef = F8D45F28248A7F9A0034C50D /* CameraView.swift */; };
		F8D45F2E248A85F00034C50D /* BottomBarItemView.swift in Sources */ = {isa = PBXBuildFile; fileRef = F8D45F2B248A85F00034C50D /* BottomBarItemView.swift */; };
		F8D45F2F248A85F00034C50D /* BottomBar.swift in Sources */ = {isa = PBXBuildFile; fileRef = F8D45F2C248A85F00034C50D /* BottomBar.swift */; };
		F8D45F30248A85F00034C50D /* BottomBarItem.swift in Sources */ = {isa = PBXBuildFile; fileRef = F8D45F2D248A85F00034C50D /* BottomBarItem.swift */; };
		F8D45F33248A8A250034C50D /* TextMemoryView.swift in Sources */ = {isa = PBXBuildFile; fileRef = F8D45F32248A8A250034C50D /* TextMemoryView.swift */; };
		F8D45F35248A8A4C0034C50D /* VideoMemoryView.swift in Sources */ = {isa = PBXBuildFile; fileRef = F8D45F34248A8A4C0034C50D /* VideoMemoryView.swift */; };
		F8D45F37248A8A600034C50D /* CameraMemoryView.swift in Sources */ = {isa = PBXBuildFile; fileRef = F8D45F36248A8A600034C50D /* CameraMemoryView.swift */; };
		F8D45F39248A8D240034C50D /* ProfileView.swift in Sources */ = {isa = PBXBuildFile; fileRef = F8D45F38248A8D240034C50D /* ProfileView.swift */; };
		F8D45F3C248A97E60034C50D /* KeyboardAvoider in Frameworks */ = {isa = PBXBuildFile; productRef = F8D45F3B248A97E60034C50D /* KeyboardAvoider */; };
		F8D45F3F248A98FA0034C50D /* TextView in Frameworks */ = {isa = PBXBuildFile; productRef = F8D45F3E248A98FA0034C50D /* TextView */; };
/* End PBXBuildFile section */

/* Begin PBXFileReference section */
		0496B4AF575ED991F5479A6C /* Pods_Diary.framework */ = {isa = PBXFileReference; explicitFileType = wrapper.framework; includeInIndex = 0; path = Pods_Diary.framework; sourceTree = BUILT_PRODUCTS_DIR; };
		1E72DD8E12AE0E51C728B7CD /* Pods-Diary.debug.xcconfig */ = {isa = PBXFileReference; includeInIndex = 1; lastKnownFileType = text.xcconfig; name = "Pods-Diary.debug.xcconfig"; path = "Target Support Files/Pods-Diary/Pods-Diary.debug.xcconfig"; sourceTree = "<group>"; };
		62D0C7AC5ADA91F281E080A9 /* Pods-Diary.release.xcconfig */ = {isa = PBXFileReference; includeInIndex = 1; lastKnownFileType = text.xcconfig; name = "Pods-Diary.release.xcconfig"; path = "Target Support Files/Pods-Diary/Pods-Diary.release.xcconfig"; sourceTree = "<group>"; };
		F81CEABD248A702A00DBF5A1 /* CalendarView.swift */ = {isa = PBXFileReference; lastKnownFileType = sourcecode.swift; path = CalendarView.swift; sourceTree = "<group>"; };
		F81CEABF248A718500DBF5A1 /* ImagePickerView.swift */ = {isa = PBXFileReference; lastKnownFileType = sourcecode.swift; path = ImagePickerView.swift; sourceTree = "<group>"; };
		F81CEAC2248A74BA00DBF5A1 /* RKViewController.swift */ = {isa = PBXFileReference; fileEncoding = 4; lastKnownFileType = sourcecode.swift; path = RKViewController.swift; sourceTree = "<group>"; };
		F81CEAC3248A74BA00DBF5A1 /* RKManager.swift */ = {isa = PBXFileReference; fileEncoding = 4; lastKnownFileType = sourcecode.swift; path = RKManager.swift; sourceTree = "<group>"; };
		F81CEAC4248A74BA00DBF5A1 /* RKWeekdayHeader.swift */ = {isa = PBXFileReference; fileEncoding = 4; lastKnownFileType = sourcecode.swift; path = RKWeekdayHeader.swift; sourceTree = "<group>"; };
		F81CEAC5248A74BA00DBF5A1 /* RKMonth.swift */ = {isa = PBXFileReference; fileEncoding = 4; lastKnownFileType = sourcecode.swift; path = RKMonth.swift; sourceTree = "<group>"; };
		F81CEAC6248A74BA00DBF5A1 /* RKCell.swift */ = {isa = PBXFileReference; fileEncoding = 4; lastKnownFileType = sourcecode.swift; path = RKCell.swift; sourceTree = "<group>"; };
		F81CEAC7248A74BA00DBF5A1 /* RKColorSettings.swift */ = {isa = PBXFileReference; fileEncoding = 4; lastKnownFileType = sourcecode.swift; path = RKColorSettings.swift; sourceTree = "<group>"; };
		F81CEAC8248A74BA00DBF5A1 /* RKDate.swift */ = {isa = PBXFileReference; fileEncoding = 4; lastKnownFileType = sourcecode.swift; path = RKDate.swift; sourceTree = "<group>"; };
		F86BA7D22489937A00BA0BAC /* Diary.app */ = {isa = PBXFileReference; explicitFileType = wrapper.application; includeInIndex = 0; path = Diary.app; sourceTree = BUILT_PRODUCTS_DIR; };
		F86BA7D52489937A00BA0BAC /* AppDelegate.swift */ = {isa = PBXFileReference; lastKnownFileType = sourcecode.swift; path = AppDelegate.swift; sourceTree = "<group>"; };
		F86BA7D72489937A00BA0BAC /* SceneDelegate.swift */ = {isa = PBXFileReference; lastKnownFileType = sourcecode.swift; path = SceneDelegate.swift; sourceTree = "<group>"; };
		F86BA7D92489937A00BA0BAC /* LoginView.swift */ = {isa = PBXFileReference; lastKnownFileType = sourcecode.swift; path = LoginView.swift; sourceTree = "<group>"; };
		F86BA7DB2489937C00BA0BAC /* Assets.xcassets */ = {isa = PBXFileReference; lastKnownFileType = folder.assetcatalog; path = Assets.xcassets; sourceTree = "<group>"; };
		F86BA7DE2489937C00BA0BAC /* Preview Assets.xcassets */ = {isa = PBXFileReference; lastKnownFileType = folder.assetcatalog; path = "Preview Assets.xcassets"; sourceTree = "<group>"; };
		F86BA7E12489937C00BA0BAC /* Base */ = {isa = PBXFileReference; lastKnownFileType = file.storyboard; name = Base; path = Base.lproj/LaunchScreen.storyboard; sourceTree = "<group>"; };
		F86BA7E32489937C00BA0BAC /* Info.plist */ = {isa = PBXFileReference; lastKnownFileType = text.plist.xml; path = Info.plist; sourceTree = "<group>"; };
		F86BA7E92489996B00BA0BAC /* GoogleService-Info.plist */ = {isa = PBXFileReference; fileEncoding = 4; lastKnownFileType = text.plist.xml; name = "GoogleService-Info.plist"; path = "../../../../Downloads/GoogleService-Info.plist"; sourceTree = "<group>"; };
		F86BA7ED24899AAE00BA0BAC /* UserData.swift */ = {isa = PBXFileReference; fileEncoding = 4; lastKnownFileType = sourcecode.swift; path = UserData.swift; sourceTree = "<group>"; };
		F86BA7EE24899AAE00BA0BAC /* UserDataKeychain.swift */ = {isa = PBXFileReference; fileEncoding = 4; lastKnownFileType = sourcecode.swift; path = UserDataKeychain.swift; sourceTree = "<group>"; };
		F86BA7EF24899AAE00BA0BAC /* Keychain.swift */ = {isa = PBXFileReference; fileEncoding = 4; lastKnownFileType = sourcecode.swift; path = Keychain.swift; sourceTree = "<group>"; };
		F86BA7F024899AAE00BA0BAC /* SharedWebCredential.swift */ = {isa = PBXFileReference; fileEncoding = 4; lastKnownFileType = sourcecode.swift; path = SharedWebCredential.swift; sourceTree = "<group>"; };
		F86BA7F124899AAE00BA0BAC /* SignInWithAppleToFirebase.swift */ = {isa = PBXFileReference; fileEncoding = 4; lastKnownFileType = sourcecode.swift; path = SignInWithAppleToFirebase.swift; sourceTree = "<group>"; };
		F86BA7F824899BB500BA0BAC /* Color.swift */ = {isa = PBXFileReference; lastKnownFileType = sourcecode.swift; path = Color.swift; sourceTree = "<group>"; };
		F86BA7FB24899C2C00BA0BAC /* ActivityIndicatorView.swift */ = {isa = PBXFileReference; lastKnownFileType = sourcecode.swift; path = ActivityIndicatorView.swift; sourceTree = "<group>"; };
		F86BA80024899DA900BA0BAC /* AppDelegateInjection.swift */ = {isa = PBXFileReference; lastKnownFileType = sourcecode.swift; path = AppDelegateInjection.swift; sourceTree = "<group>"; };
		F86BA80324899DD200BA0BAC /* UserService.swift */ = {isa = PBXFileReference; lastKnownFileType = sourcecode.swift; path = UserService.swift; sourceTree = "<group>"; };
		F86BA80624899E2200BA0BAC /* FirestoreHelper.swift */ = {isa = PBXFileReference; lastKnownFileType = sourcecode.swift; path = FirestoreHelper.swift; sourceTree = "<group>"; };
		F86BA8082489A45700BA0BAC /* Diary.entitlements */ = {isa = PBXFileReference; lastKnownFileType = text.plist.entitlements; path = Diary.entitlements; sourceTree = "<group>"; };
		F86BA8092489A59400BA0BAC /* HomeView.swift */ = {isa = PBXFileReference; lastKnownFileType = sourcecode.swift; path = HomeView.swift; sourceTree = "<group>"; };
		F8D45F26248A775A0034C50D /* ViewStyles.swift */ = {isa = PBXFileReference; lastKnownFileType = sourcecode.swift; path = ViewStyles.swift; sourceTree = "<group>"; };
		F8D45F28248A7F9A0034C50D /* CameraView.swift */ = {isa = PBXFileReference; lastKnownFileType = sourcecode.swift; path = CameraView.swift; sourceTree = "<group>"; };
		F8D45F2B248A85F00034C50D /* BottomBarItemView.swift */ = {isa = PBXFileReference; fileEncoding = 4; lastKnownFileType = sourcecode.swift; path = BottomBarItemView.swift; sourceTree = "<group>"; };
		F8D45F2C248A85F00034C50D /* BottomBar.swift */ = {isa = PBXFileReference; fileEncoding = 4; lastKnownFileType = sourcecode.swift; path = BottomBar.swift; sourceTree = "<group>"; };
		F8D45F2D248A85F00034C50D /* BottomBarItem.swift */ = {isa = PBXFileReference; fileEncoding = 4; lastKnownFileType = sourcecode.swift; path = BottomBarItem.swift; sourceTree = "<group>"; };
		F8D45F32248A8A250034C50D /* TextMemoryView.swift */ = {isa = PBXFileReference; lastKnownFileType = sourcecode.swift; path = TextMemoryView.swift; sourceTree = "<group>"; };
		F8D45F34248A8A4C0034C50D /* VideoMemoryView.swift */ = {isa = PBXFileReference; lastKnownFileType = sourcecode.swift; path = VideoMemoryView.swift; sourceTree = "<group>"; };
		F8D45F36248A8A600034C50D /* CameraMemoryView.swift */ = {isa = PBXFileReference; lastKnownFileType = sourcecode.swift; path = CameraMemoryView.swift; sourceTree = "<group>"; };
		F8D45F38248A8D240034C50D /* ProfileView.swift */ = {isa = PBXFileReference; lastKnownFileType = sourcecode.swift; path = ProfileView.swift; sourceTree = "<group>"; };
/* End PBXFileReference section */

/* Begin PBXFrameworksBuildPhase section */
		F86BA7CF2489937A00BA0BAC /* Frameworks */ = {
			isa = PBXFrameworksBuildPhase;
			buildActionMask = 2147483647;
			files = (
				F8D45F3F248A98FA0034C50D /* TextView in Frameworks */,
				F86BA7FF24899D9600BA0BAC /* Resolver in Frameworks */,
				8047045EAE96F65D3A710B24 /* Pods_Diary.framework in Frameworks */,
				F8D45F3C248A97E60034C50D /* KeyboardAvoider in Frameworks */,
			);
			runOnlyForDeploymentPostprocessing = 0;
		};
/* End PBXFrameworksBuildPhase section */

/* Begin PBXGroup section */
		7C86A0FA37120D80CF05A921 /* Frameworks */ = {
			isa = PBXGroup;
			children = (
				0496B4AF575ED991F5479A6C /* Pods_Diary.framework */,
			);
			name = Frameworks;
			sourceTree = "<group>";
		};
		95E2C98FB238C19E529B557E /* Pods */ = {
			isa = PBXGroup;
			children = (
				1E72DD8E12AE0E51C728B7CD /* Pods-Diary.debug.xcconfig */,
				62D0C7AC5ADA91F281E080A9 /* Pods-Diary.release.xcconfig */,
			);
			path = Pods;
			sourceTree = "<group>";
		};
		F81CEAC1248A74BA00DBF5A1 /* RKCalendar */ = {
			isa = PBXGroup;
			children = (
				F81CEAC2248A74BA00DBF5A1 /* RKViewController.swift */,
				F81CEAC3248A74BA00DBF5A1 /* RKManager.swift */,
				F81CEAC4248A74BA00DBF5A1 /* RKWeekdayHeader.swift */,
				F81CEAC5248A74BA00DBF5A1 /* RKMonth.swift */,
				F81CEAC6248A74BA00DBF5A1 /* RKCell.swift */,
				F81CEAC7248A74BA00DBF5A1 /* RKColorSettings.swift */,
				F81CEAC8248A74BA00DBF5A1 /* RKDate.swift */,
			);
			path = RKCalendar;
			sourceTree = "<group>";
		};
		F86BA7C92489937A00BA0BAC = {
			isa = PBXGroup;
			children = (
				F86BA7D42489937A00BA0BAC /* Diary */,
				F86BA7D32489937A00BA0BAC /* Products */,
				95E2C98FB238C19E529B557E /* Pods */,
				7C86A0FA37120D80CF05A921 /* Frameworks */,
			);
			sourceTree = "<group>";
		};
		F86BA7D32489937A00BA0BAC /* Products */ = {
			isa = PBXGroup;
			children = (
				F86BA7D22489937A00BA0BAC /* Diary.app */,
			);
			name = Products;
			sourceTree = "<group>";
		};
		F86BA7D42489937A00BA0BAC /* Diary */ = {
			isa = PBXGroup;
			children = (
				F86BA8082489A45700BA0BAC /* Diary.entitlements */,
				F86BA7E92489996B00BA0BAC /* GoogleService-Info.plist */,
				F86BA7D52489937A00BA0BAC /* AppDelegate.swift */,
				F86BA7D72489937A00BA0BAC /* SceneDelegate.swift */,
				F86BA80024899DA900BA0BAC /* AppDelegateInjection.swift */,
				F86BA7FA24899C2200BA0BAC /* Views */,
				F86BA7F724899B9E00BA0BAC /* Extensions */,
				F86BA7DB2489937C00BA0BAC /* Assets.xcassets */,
				F8D45F25248A77480034C50D /* Modifiers */,
				F86BA80524899E1100BA0BAC /* Helpers */,
				F86BA80224899DC300BA0BAC /* Services */,
				F86BA7E02489937C00BA0BAC /* LaunchScreen.storyboard */,
				F86BA7E32489937C00BA0BAC /* Info.plist */,
				F8D45F2A248A85F00034C50D /* CustomTabBar */,
				F81CEAC1248A74BA00DBF5A1 /* RKCalendar */,
				F86BA7EB24899AAE00BA0BAC /* SignInWithAppleToFirebase */,
				F86BA7DD2489937C00BA0BAC /* Preview Content */,
			);
			path = Diary;
			sourceTree = "<group>";
		};
		F86BA7DD2489937C00BA0BAC /* Preview Content */ = {
			isa = PBXGroup;
			children = (
				F86BA7DE2489937C00BA0BAC /* Preview Assets.xcassets */,
			);
			path = "Preview Content";
			sourceTree = "<group>";
		};
		F86BA7EB24899AAE00BA0BAC /* SignInWithAppleToFirebase */ = {
			isa = PBXGroup;
			children = (
				F86BA7EC24899AAE00BA0BAC /* CredentialStorage */,
				F86BA7F124899AAE00BA0BAC /* SignInWithAppleToFirebase.swift */,
			);
			path = SignInWithAppleToFirebase;
			sourceTree = "<group>";
		};
		F86BA7EC24899AAE00BA0BAC /* CredentialStorage */ = {
			isa = PBXGroup;
			children = (
				F86BA7ED24899AAE00BA0BAC /* UserData.swift */,
				F86BA7EE24899AAE00BA0BAC /* UserDataKeychain.swift */,
				F86BA7EF24899AAE00BA0BAC /* Keychain.swift */,
				F86BA7F024899AAE00BA0BAC /* SharedWebCredential.swift */,
			);
			path = CredentialStorage;
			sourceTree = "<group>";
		};
		F86BA7F724899B9E00BA0BAC /* Extensions */ = {
			isa = PBXGroup;
			children = (
				F86BA7F824899BB500BA0BAC /* Color.swift */,
			);
			path = Extensions;
			sourceTree = "<group>";
		};
		F86BA7FA24899C2200BA0BAC /* Views */ = {
			isa = PBXGroup;
			children = (
				F86BA7FB24899C2C00BA0BAC /* ActivityIndicatorView.swift */,
				F86BA7D92489937A00BA0BAC /* LoginView.swift */,
				F86BA8092489A59400BA0BAC /* HomeView.swift */,
				F8D45F31248A8A0F0034C50D /* Home Subviews */,
				F81CEABD248A702A00DBF5A1 /* CalendarView.swift */,
				F81CEABF248A718500DBF5A1 /* ImagePickerView.swift */,
				F8D45F28248A7F9A0034C50D /* CameraView.swift */,
			);
			path = Views;
			sourceTree = "<group>";
		};
		F86BA80224899DC300BA0BAC /* Services */ = {
			isa = PBXGroup;
			children = (
				F86BA80324899DD200BA0BAC /* UserService.swift */,
			);
			path = Services;
			sourceTree = "<group>";
		};
		F86BA80524899E1100BA0BAC /* Helpers */ = {
			isa = PBXGroup;
			children = (
				F86BA80624899E2200BA0BAC /* FirestoreHelper.swift */,
			);
			path = Helpers;
			sourceTree = "<group>";
		};
		F8D45F25248A77480034C50D /* Modifiers */ = {
			isa = PBXGroup;
			children = (
				F8D45F26248A775A0034C50D /* ViewStyles.swift */,
			);
			path = Modifiers;
			sourceTree = "<group>";
		};
		F8D45F2A248A85F00034C50D /* CustomTabBar */ = {
			isa = PBXGroup;
			children = (
				F8D45F2B248A85F00034C50D /* BottomBarItemView.swift */,
				F8D45F2C248A85F00034C50D /* BottomBar.swift */,
				F8D45F2D248A85F00034C50D /* BottomBarItem.swift */,
			);
			path = CustomTabBar;
			sourceTree = "<group>";
		};
		F8D45F31248A8A0F0034C50D /* Home Subviews */ = {
			isa = PBXGroup;
			children = (
				F8D45F32248A8A250034C50D /* TextMemoryView.swift */,
				F8D45F36248A8A600034C50D /* CameraMemoryView.swift */,
				F8D45F34248A8A4C0034C50D /* VideoMemoryView.swift */,
				F8D45F38248A8D240034C50D /* ProfileView.swift */,
			);
			path = "Home Subviews";
			sourceTree = "<group>";
		};
/* End PBXGroup section */

/* Begin PBXNativeTarget section */
		F86BA7D12489937A00BA0BAC /* Diary */ = {
			isa = PBXNativeTarget;
			buildConfigurationList = F86BA7E62489937C00BA0BAC /* Build configuration list for PBXNativeTarget "Diary" */;
			buildPhases = (
				9E2FB2685355A392A3EE8B7B /* [CP] Check Pods Manifest.lock */,
				F86BA7CE2489937A00BA0BAC /* Sources */,
				F86BA7CF2489937A00BA0BAC /* Frameworks */,
				F86BA7D02489937A00BA0BAC /* Resources */,
				F8F489652EAE6A777EC56ACA /* [CP] Embed Pods Frameworks */,
				8FA6D0BD9DAE6A48DF50F918 /* [CP] Copy Pods Resources */,
			);
			buildRules = (
			);
			dependencies = (
			);
			name = Diary;
			packageProductDependencies = (
				F86BA7FE24899D9600BA0BAC /* Resolver */,
				F8D45F3B248A97E60034C50D /* KeyboardAvoider */,
				F8D45F3E248A98FA0034C50D /* TextView */,
			);
			productName = Diary;
			productReference = F86BA7D22489937A00BA0BAC /* Diary.app */;
			productType = "com.apple.product-type.application";
		};
/* End PBXNativeTarget section */

/* Begin PBXProject section */
		F86BA7CA2489937A00BA0BAC /* Project object */ = {
			isa = PBXProject;
			attributes = {
				LastSwiftUpdateCheck = 1150;
				LastUpgradeCheck = 1150;
				ORGANIZATIONNAME = "Joseph Hinkle";
				TargetAttributes = {
					F86BA7D12489937A00BA0BAC = {
						CreatedOnToolsVersion = 11.5;
					};
				};
			};
			buildConfigurationList = F86BA7CD2489937A00BA0BAC /* Build configuration list for PBXProject "Diary" */;
			compatibilityVersion = "Xcode 9.3";
			developmentRegion = en;
			hasScannedForEncodings = 0;
			knownRegions = (
				en,
				Base,
			);
			mainGroup = F86BA7C92489937A00BA0BAC;
			packageReferences = (
				F86BA7FD24899D9600BA0BAC /* XCRemoteSwiftPackageReference "Resolver" */,
				F8D45F3A248A97E60034C50D /* XCRemoteSwiftPackageReference "KeyboardAvoider" */,
				F8D45F3D248A98FA0034C50D /* XCRemoteSwiftPackageReference "TextView" */,
			);
			productRefGroup = F86BA7D32489937A00BA0BAC /* Products */;
			projectDirPath = "";
			projectRoot = "";
			targets = (
				F86BA7D12489937A00BA0BAC /* Diary */,
			);
		};
/* End PBXProject section */

/* Begin PBXResourcesBuildPhase section */
		F86BA7D02489937A00BA0BAC /* Resources */ = {
			isa = PBXResourcesBuildPhase;
			buildActionMask = 2147483647;
			files = (
				F86BA7E22489937C00BA0BAC /* LaunchScreen.storyboard in Resources */,
				F86BA7EA2489996B00BA0BAC /* GoogleService-Info.plist in Resources */,
				F86BA7DF2489937C00BA0BAC /* Preview Assets.xcassets in Resources */,
				F86BA7DC2489937C00BA0BAC /* Assets.xcassets in Resources */,
			);
			runOnlyForDeploymentPostprocessing = 0;
		};
/* End PBXResourcesBuildPhase section */

/* Begin PBXShellScriptBuildPhase section */
		8FA6D0BD9DAE6A48DF50F918 /* [CP] Copy Pods Resources */ = {
			isa = PBXShellScriptBuildPhase;
			buildActionMask = 2147483647;
			files = (
			);
			inputFileListPaths = (
				"${PODS_ROOT}/Target Support Files/Pods-Diary/Pods-Diary-resources-${CONFIGURATION}-input-files.xcfilelist",
			);
			name = "[CP] Copy Pods Resources";
			outputFileListPaths = (
				"${PODS_ROOT}/Target Support Files/Pods-Diary/Pods-Diary-resources-${CONFIGURATION}-output-files.xcfilelist",
			);
			runOnlyForDeploymentPostprocessing = 0;
			shellPath = /bin/sh;
			shellScript = "\"${PODS_ROOT}/Target Support Files/Pods-Diary/Pods-Diary-resources.sh\"\n";
			showEnvVarsInLog = 0;
		};
		9E2FB2685355A392A3EE8B7B /* [CP] Check Pods Manifest.lock */ = {
			isa = PBXShellScriptBuildPhase;
			buildActionMask = 2147483647;
			files = (
			);
			inputFileListPaths = (
			);
			inputPaths = (
				"${PODS_PODFILE_DIR_PATH}/Podfile.lock",
				"${PODS_ROOT}/Manifest.lock",
			);
			name = "[CP] Check Pods Manifest.lock";
			outputFileListPaths = (
			);
			outputPaths = (
				"$(DERIVED_FILE_DIR)/Pods-Diary-checkManifestLockResult.txt",
			);
			runOnlyForDeploymentPostprocessing = 0;
			shellPath = /bin/sh;
			shellScript = "diff \"${PODS_PODFILE_DIR_PATH}/Podfile.lock\" \"${PODS_ROOT}/Manifest.lock\" > /dev/null\nif [ $? != 0 ] ; then\n    # print error to STDERR\n    echo \"error: The sandbox is not in sync with the Podfile.lock. Run 'pod install' or update your CocoaPods installation.\" >&2\n    exit 1\nfi\n# This output is used by Xcode 'outputs' to avoid re-running this script phase.\necho \"SUCCESS\" > \"${SCRIPT_OUTPUT_FILE_0}\"\n";
			showEnvVarsInLog = 0;
		};
		F8F489652EAE6A777EC56ACA /* [CP] Embed Pods Frameworks */ = {
			isa = PBXShellScriptBuildPhase;
			buildActionMask = 2147483647;
			files = (
			);
			inputFileListPaths = (
				"${PODS_ROOT}/Target Support Files/Pods-Diary/Pods-Diary-frameworks-${CONFIGURATION}-input-files.xcfilelist",
			);
			name = "[CP] Embed Pods Frameworks";
			outputFileListPaths = (
				"${PODS_ROOT}/Target Support Files/Pods-Diary/Pods-Diary-frameworks-${CONFIGURATION}-output-files.xcfilelist",
			);
			runOnlyForDeploymentPostprocessing = 0;
			shellPath = /bin/sh;
			shellScript = "\"${PODS_ROOT}/Target Support Files/Pods-Diary/Pods-Diary-frameworks.sh\"\n";
			showEnvVarsInLog = 0;
		};
/* End PBXShellScriptBuildPhase section */

/* Begin PBXSourcesBuildPhase section */
		F86BA7CE2489937A00BA0BAC /* Sources */ = {
			isa = PBXSourcesBuildPhase;
			buildActionMask = 2147483647;
			files = (
				F86BA7D62489937A00BA0BAC /* AppDelegate.swift in Sources */,
				F86BA80A2489A59400BA0BAC /* HomeView.swift in Sources */,
				F86BA7FC24899C2C00BA0BAC /* ActivityIndicatorView.swift in Sources */,
				F86BA80124899DA900BA0BAC /* AppDelegateInjection.swift in Sources */,
				F81CEABE248A702A00DBF5A1 /* CalendarView.swift in Sources */,
				F86BA7D82489937A00BA0BAC /* SceneDelegate.swift in Sources */,
				F86BA7F224899AAE00BA0BAC /* UserData.swift in Sources */,
				F81CEACC248A74BA00DBF5A1 /* RKMonth.swift in Sources */,
				F86BA7F524899AAE00BA0BAC /* SharedWebCredential.swift in Sources */,
				F86BA7F624899AAE00BA0BAC /* SignInWithAppleToFirebase.swift in Sources */,
				F8D45F2E248A85F00034C50D /* BottomBarItemView.swift in Sources */,
				F8D45F35248A8A4C0034C50D /* VideoMemoryView.swift in Sources */,
				F86BA80724899E2200BA0BAC /* FirestoreHelper.swift in Sources */,
				F81CEACF248A74BA00DBF5A1 /* RKDate.swift in Sources */,
				F8D45F27248A775A0034C50D /* ViewStyles.swift in Sources */,
				F86BA7DA2489937A00BA0BAC /* LoginView.swift in Sources */,
				F8D45F30248A85F00034C50D /* BottomBarItem.swift in Sources */,
				F86BA80424899DD200BA0BAC /* UserService.swift in Sources */,
				F81CEACA248A74BA00DBF5A1 /* RKManager.swift in Sources */,
				F81CEAC0248A718500DBF5A1 /* ImagePickerView.swift in Sources */,
				F86BA7F324899AAE00BA0BAC /* UserDataKeychain.swift in Sources */,
				F81CEACB248A74BA00DBF5A1 /* RKWeekdayHeader.swift in Sources */,
				F8D45F2F248A85F00034C50D /* BottomBar.swift in Sources */,
				F81CEAC9248A74BA00DBF5A1 /* RKViewController.swift in Sources */,
				F8D45F39248A8D240034C50D /* ProfileView.swift in Sources */,
				F86BA7F424899AAE00BA0BAC /* Keychain.swift in Sources */,
				F81CEACD248A74BA00DBF5A1 /* RKCell.swift in Sources */,
				F86BA7F924899BB500BA0BAC /* Color.swift in Sources */,
				F8D45F29248A7F9A0034C50D /* CameraView.swift in Sources */,
				F81CEACE248A74BA00DBF5A1 /* RKColorSettings.swift in Sources */,
				F8D45F33248A8A250034C50D /* TextMemoryView.swift in Sources */,
				F8D45F37248A8A600034C50D /* CameraMemoryView.swift in Sources */,
			);
			runOnlyForDeploymentPostprocessing = 0;
		};
/* End PBXSourcesBuildPhase section */

/* Begin PBXVariantGroup section */
		F86BA7E02489937C00BA0BAC /* LaunchScreen.storyboard */ = {
			isa = PBXVariantGroup;
			children = (
				F86BA7E12489937C00BA0BAC /* Base */,
			);
			name = LaunchScreen.storyboard;
			sourceTree = "<group>";
		};
/* End PBXVariantGroup section */

/* Begin XCBuildConfiguration section */
		F86BA7E42489937C00BA0BAC /* Debug */ = {
			isa = XCBuildConfiguration;
			buildSettings = {
				ALWAYS_SEARCH_USER_PATHS = NO;
				CLANG_ANALYZER_NONNULL = YES;
				CLANG_ANALYZER_NUMBER_OBJECT_CONVERSION = YES_AGGRESSIVE;
				CLANG_CXX_LANGUAGE_STANDARD = "gnu++14";
				CLANG_CXX_LIBRARY = "libc++";
				CLANG_ENABLE_MODULES = YES;
				CLANG_ENABLE_OBJC_ARC = YES;
				CLANG_ENABLE_OBJC_WEAK = YES;
				CLANG_WARN_BLOCK_CAPTURE_AUTORELEASING = YES;
				CLANG_WARN_BOOL_CONVERSION = YES;
				CLANG_WARN_COMMA = YES;
				CLANG_WARN_CONSTANT_CONVERSION = YES;
				CLANG_WARN_DEPRECATED_OBJC_IMPLEMENTATIONS = YES;
				CLANG_WARN_DIRECT_OBJC_ISA_USAGE = YES_ERROR;
				CLANG_WARN_DOCUMENTATION_COMMENTS = YES;
				CLANG_WARN_EMPTY_BODY = YES;
				CLANG_WARN_ENUM_CONVERSION = YES;
				CLANG_WARN_INFINITE_RECURSION = YES;
				CLANG_WARN_INT_CONVERSION = YES;
				CLANG_WARN_NON_LITERAL_NULL_CONVERSION = YES;
				CLANG_WARN_OBJC_IMPLICIT_RETAIN_SELF = YES;
				CLANG_WARN_OBJC_LITERAL_CONVERSION = YES;
				CLANG_WARN_OBJC_ROOT_CLASS = YES_ERROR;
				CLANG_WARN_RANGE_LOOP_ANALYSIS = YES;
				CLANG_WARN_STRICT_PROTOTYPES = YES;
				CLANG_WARN_SUSPICIOUS_MOVE = YES;
				CLANG_WARN_UNGUARDED_AVAILABILITY = YES_AGGRESSIVE;
				CLANG_WARN_UNREACHABLE_CODE = YES;
				CLANG_WARN__DUPLICATE_METHOD_MATCH = YES;
				COPY_PHASE_STRIP = NO;
				DEBUG_INFORMATION_FORMAT = dwarf;
				ENABLE_STRICT_OBJC_MSGSEND = YES;
				ENABLE_TESTABILITY = YES;
				GCC_C_LANGUAGE_STANDARD = gnu11;
				GCC_DYNAMIC_NO_PIC = NO;
				GCC_NO_COMMON_BLOCKS = YES;
				GCC_OPTIMIZATION_LEVEL = 0;
				GCC_PREPROCESSOR_DEFINITIONS = (
					"DEBUG=1",
					"$(inherited)",
				);
				GCC_WARN_64_TO_32_BIT_CONVERSION = YES;
				GCC_WARN_ABOUT_RETURN_TYPE = YES_ERROR;
				GCC_WARN_UNDECLARED_SELECTOR = YES;
				GCC_WARN_UNINITIALIZED_AUTOS = YES_AGGRESSIVE;
				GCC_WARN_UNUSED_FUNCTION = YES;
				GCC_WARN_UNUSED_VARIABLE = YES;
				IPHONEOS_DEPLOYMENT_TARGET = 13.5;
				MTL_ENABLE_DEBUG_INFO = INCLUDE_SOURCE;
				MTL_FAST_MATH = YES;
				ONLY_ACTIVE_ARCH = YES;
				SDKROOT = iphoneos;
				SWIFT_ACTIVE_COMPILATION_CONDITIONS = DEBUG;
				SWIFT_OPTIMIZATION_LEVEL = "-Onone";
			};
			name = Debug;
		};
		F86BA7E52489937C00BA0BAC /* Release */ = {
			isa = XCBuildConfiguration;
			buildSettings = {
				ALWAYS_SEARCH_USER_PATHS = NO;
				CLANG_ANALYZER_NONNULL = YES;
				CLANG_ANALYZER_NUMBER_OBJECT_CONVERSION = YES_AGGRESSIVE;
				CLANG_CXX_LANGUAGE_STANDARD = "gnu++14";
				CLANG_CXX_LIBRARY = "libc++";
				CLANG_ENABLE_MODULES = YES;
				CLANG_ENABLE_OBJC_ARC = YES;
				CLANG_ENABLE_OBJC_WEAK = YES;
				CLANG_WARN_BLOCK_CAPTURE_AUTORELEASING = YES;
				CLANG_WARN_BOOL_CONVERSION = YES;
				CLANG_WARN_COMMA = YES;
				CLANG_WARN_CONSTANT_CONVERSION = YES;
				CLANG_WARN_DEPRECATED_OBJC_IMPLEMENTATIONS = YES;
				CLANG_WARN_DIRECT_OBJC_ISA_USAGE = YES_ERROR;
				CLANG_WARN_DOCUMENTATION_COMMENTS = YES;
				CLANG_WARN_EMPTY_BODY = YES;
				CLANG_WARN_ENUM_CONVERSION = YES;
				CLANG_WARN_INFINITE_RECURSION = YES;
				CLANG_WARN_INT_CONVERSION = YES;
				CLANG_WARN_NON_LITERAL_NULL_CONVERSION = YES;
				CLANG_WARN_OBJC_IMPLICIT_RETAIN_SELF = YES;
				CLANG_WARN_OBJC_LITERAL_CONVERSION = YES;
				CLANG_WARN_OBJC_ROOT_CLASS = YES_ERROR;
				CLANG_WARN_RANGE_LOOP_ANALYSIS = YES;
				CLANG_WARN_STRICT_PROTOTYPES = YES;
				CLANG_WARN_SUSPICIOUS_MOVE = YES;
				CLANG_WARN_UNGUARDED_AVAILABILITY = YES_AGGRESSIVE;
				CLANG_WARN_UNREACHABLE_CODE = YES;
				CLANG_WARN__DUPLICATE_METHOD_MATCH = YES;
				COPY_PHASE_STRIP = NO;
				DEBUG_INFORMATION_FORMAT = "dwarf-with-dsym";
				ENABLE_NS_ASSERTIONS = NO;
				ENABLE_STRICT_OBJC_MSGSEND = YES;
				GCC_C_LANGUAGE_STANDARD = gnu11;
				GCC_NO_COMMON_BLOCKS = YES;
				GCC_WARN_64_TO_32_BIT_CONVERSION = YES;
				GCC_WARN_ABOUT_RETURN_TYPE = YES_ERROR;
				GCC_WARN_UNDECLARED_SELECTOR = YES;
				GCC_WARN_UNINITIALIZED_AUTOS = YES_AGGRESSIVE;
				GCC_WARN_UNUSED_FUNCTION = YES;
				GCC_WARN_UNUSED_VARIABLE = YES;
				IPHONEOS_DEPLOYMENT_TARGET = 13.5;
				MTL_ENABLE_DEBUG_INFO = NO;
				MTL_FAST_MATH = YES;
				SDKROOT = iphoneos;
				SWIFT_COMPILATION_MODE = wholemodule;
				SWIFT_OPTIMIZATION_LEVEL = "-O";
				VALIDATE_PRODUCT = YES;
			};
			name = Release;
		};
		F86BA7E72489937C00BA0BAC /* Debug */ = {
			isa = XCBuildConfiguration;
			baseConfigurationReference = 1E72DD8E12AE0E51C728B7CD /* Pods-Diary.debug.xcconfig */;
			buildSettings = {
				ASSETCATALOG_COMPILER_APPICON_NAME = AppIcon;
				CODE_SIGN_ENTITLEMENTS = Diary/Diary.entitlements;
				CODE_SIGN_STYLE = Automatic;
				CURRENT_PROJECT_VERSION = 2;
				DEVELOPMENT_ASSET_PATHS = "\"Diary/Preview Content\"";
				DEVELOPMENT_TEAM = B3GJXRTH64;
				ENABLE_PREVIEWS = YES;
				INFOPLIST_FILE = Diary/Info.plist;
				LD_RUNPATH_SEARCH_PATHS = (
					"$(inherited)",
					"@executable_path/Frameworks",
				);
				MARKETING_VERSION = 0.2;
				PRODUCT_BUNDLE_IDENTIFIER = io.joehinkle.Diary;
				PRODUCT_NAME = "$(TARGET_NAME)";
				SWIFT_VERSION = 5.0;
				TARGETED_DEVICE_FAMILY = "1,2";
			};
			name = Debug;
		};
		F86BA7E82489937C00BA0BAC /* Release */ = {
			isa = XCBuildConfiguration;
			baseConfigurationReference = 62D0C7AC5ADA91F281E080A9 /* Pods-Diary.release.xcconfig */;
			buildSettings = {
				ASSETCATALOG_COMPILER_APPICON_NAME = AppIcon;
				CODE_SIGN_ENTITLEMENTS = Diary/Diary.entitlements;
				CODE_SIGN_STYLE = Automatic;
				CURRENT_PROJECT_VERSION = 2;
				DEVELOPMENT_ASSET_PATHS = "\"Diary/Preview Content\"";
				DEVELOPMENT_TEAM = B3GJXRTH64;
				ENABLE_PREVIEWS = YES;
				INFOPLIST_FILE = Diary/Info.plist;
				LD_RUNPATH_SEARCH_PATHS = (
					"$(inherited)",
					"@executable_path/Frameworks",
				);
				MARKETING_VERSION = 0.2;
				PRODUCT_BUNDLE_IDENTIFIER = io.joehinkle.Diary;
				PRODUCT_NAME = "$(TARGET_NAME)";
				SWIFT_VERSION = 5.0;
				TARGETED_DEVICE_FAMILY = "1,2";
			};
			name = Release;
		};
/* End XCBuildConfiguration section */

/* Begin XCConfigurationList section */
		F86BA7CD2489937A00BA0BAC /* Build configuration list for PBXProject "Diary" */ = {
			isa = XCConfigurationList;
			buildConfigurations = (
				F86BA7E42489937C00BA0BAC /* Debug */,
				F86BA7E52489937C00BA0BAC /* Release */,
			);
			defaultConfigurationIsVisible = 0;
			defaultConfigurationName = Release;
		};
		F86BA7E62489937C00BA0BAC /* Build configuration list for PBXNativeTarget "Diary" */ = {
			isa = XCConfigurationList;
			buildConfigurations = (
				F86BA7E72489937C00BA0BAC /* Debug */,
				F86BA7E82489937C00BA0BAC /* Release */,
			);
			defaultConfigurationIsVisible = 0;
			defaultConfigurationName = Release;
		};
/* End XCConfigurationList section */

/* Begin XCRemoteSwiftPackageReference section */
		F86BA7FD24899D9600BA0BAC /* XCRemoteSwiftPackageReference "Resolver" */ = {
			isa = XCRemoteSwiftPackageReference;
			repositoryURL = "https://github.com/hmlongco/Resolver";
			requirement = {
				kind = upToNextMajorVersion;
				minimumVersion = 1.1.4;
			};
		};
		F8D45F3A248A97E60034C50D /* XCRemoteSwiftPackageReference "KeyboardAvoider" */ = {
			isa = XCRemoteSwiftPackageReference;
			repositoryURL = "https://github.com/michaelhenry/KeyboardAvoider.git";
			requirement = {
				kind = upToNextMajorVersion;
				minimumVersion = 1.0.3;
			};
		};
		F8D45F3D248A98FA0034C50D /* XCRemoteSwiftPackageReference "TextView" */ = {
			isa = XCRemoteSwiftPackageReference;
			repositoryURL = "https://github.com/kenmueller/TextView";
			requirement = {
				kind = upToNextMajorVersion;
				minimumVersion = 1.4.7;
			};
		};
/* End XCRemoteSwiftPackageReference section */

/* Begin XCSwiftPackageProductDependency section */
		F86BA7FE24899D9600BA0BAC /* Resolver */ = {
			isa = XCSwiftPackageProductDependency;
			package = F86BA7FD24899D9600BA0BAC /* XCRemoteSwiftPackageReference "Resolver" */;
			productName = Resolver;
		};
		F8D45F3B248A97E60034C50D /* KeyboardAvoider */ = {
			isa = XCSwiftPackageProductDependency;
			package = F8D45F3A248A97E60034C50D /* XCRemoteSwiftPackageReference "KeyboardAvoider" */;
			productName = KeyboardAvoider;
		};
		F8D45F3E248A98FA0034C50D /* TextView */ = {
			isa = XCSwiftPackageProductDependency;
			package = F8D45F3D248A98FA0034C50D /* XCRemoteSwiftPackageReference "TextView" */;
			productName = TextView;
		};
/* End XCSwiftPackageProductDependency section */
	};
	rootObject = F86BA7CA2489937A00BA0BAC /* Project object */;
}
